
Microsoft Visual Studio Solution File, Format Version 12.00
# Visual Studio 15
VisualStudioVersion = 15.0.28307.1401
MinimumVisualStudioVersion = 10.0.40219.1
Project("{888888A0-9F3D-457C-B088-3A5042F75D52}") = "KalmanFilter", "KalmanFilter\KalmanFilter.pyproj", "{5B052219-A9AD-400A-B8B5-6B8811E7EB21}"
EndProject
Global
	GlobalSection(SolutionConfigurationPlatforms) = preSolution
		Debug|Any CPU = Debug|Any CPU
		Release|Any CPU = Release|Any CPU
	EndGlobalSection
	GlobalSection(ProjectConfigurationPlatforms) = postSolution
		{5B052219-A9AD-400A-B8B5-6B8811E7EB21}.Debug|Any CPU.ActiveCfg = Debug|Any CPU
		{5B052219-A9AD-400A-B8B5-6B8811E7EB21}.Release|Any CPU.ActiveCfg = Release|Any CPU
	EndGlobalSection
	GlobalSection(SolutionProperties) = preSolution
		HideSolutionNode = FALSE
	EndGlobalSection
	GlobalSection(ExtensibilityGlobals) = postSolution
		SolutionGuid = {40C32016-D21C-4407-B076-2594F49A2164}
	EndGlobalSection
EndGlobal
